
Microsoft Visual Studio Solution File, Format Version 12.00
# Visual Studio Version 16
VisualStudioVersion = 16.0.31911.196
MinimumVisualStudioVersion = 10.0.40219.1
Project("{FAE04EC0-301F-11D3-BF4B-00C04F79EFBC}") = "MVVM", "MVVM\MVVM.csproj", "{98F9FF71-B875-4D38-9C96-686164AEA2D4}"
EndProject
Global
	GlobalSection(SolutionConfigurationPlatforms) = preSolution
		Debug|Any CPU = Debug|Any CPU
		Release|Any CPU = Release|Any CPU
	EndGlobalSection
	GlobalSection(ProjectConfigurationPlatforms) = postSolution
		{98F9FF71-B875-4D38-9C96-686164AEA2D4}.Debug|Any CPU.ActiveCfg = Debug|Any CPU
		{98F9FF71-B875-4D38-9C96-686164AEA2D4}.Debug|Any CPU.Build.0 = Debug|Any CPU
		{98F9FF71-B875-4D38-9C96-686164AEA2D4}.Release|Any CPU.ActiveCfg = Release|Any CPU
		{98F9FF71-B875-4D38-9C96-686164AEA2D4}.Release|Any CPU.Build.0 = Release|Any CPU
	EndGlobalSection
	GlobalSection(SolutionProperties) = preSolution
		HideSolutionNode = FALSE
	EndGlobalSection
	GlobalSection(ExtensibilityGlobals) = postSolution
		SolutionGuid = {6A1C251F-31C0-4CAA-9AA1-984F2A236272}
	EndGlobalSection
EndGlobal
